// !$*UTF8*$!
{
	archiveVersion = 1;
	classes = {
	};
	objectVersion = 48;
	objects = {

/* Begin PBXBuildFile section */
		B14B404C214C655F0074E95F /* AppDelegate.swift in Sources */ = {isa = PBXBuildFile; fileRef = B14B404B214C655F0074E95F /* AppDelegate.swift */; };
		B14B404E214C655F0074E95F /* ViewController.swift in Sources */ = {isa = PBXBuildFile; fileRef = B14B404D214C655F0074E95F /* ViewController.swift */; };
		B14B4051214C655F0074E95F /* Main.storyboard in Resources */ = {isa = PBXBuildFile; fileRef = B14B404F214C655F0074E95F /* Main.storyboard */; };
		B14B4053214C655F0074E95F /* Assets.xcassets in Resources */ = {isa = PBXBuildFile; fileRef = B14B4052214C655F0074E95F /* Assets.xcassets */; };
		B14B4056214C655F0074E95F /* LaunchScreen.storyboard in Resources */ = {isa = PBXBuildFile; fileRef = B14B4054214C655F0074E95F /* LaunchScreen.storyboard */; };
		B14B405E214C657B0074E95F /* PlayingCard.swift in Sources */ = {isa = PBXBuildFile; fileRef = B14B405D214C657B0074E95F /* PlayingCard.swift */; };
		B14B4060214C67EA0074E95F /* PlayingCardDeck.swift in Sources */ = {isa = PBXBuildFile; fileRef = B14B405F214C67E90074E95F /* PlayingCardDeck.swift */; };
		B1F54BD12152F90C00099792 /* PlayingCardView.swift in Sources */ = {isa = PBXBuildFile; fileRef = B1F54BD02152F90C00099792 /* PlayingCardView.swift */; };
/* End PBXBuildFile section */

/* Begin PBXFileReference section */
		B14B4048214C655F0074E95F /* Playingcard.app */ = {isa = PBXFileReference; explicitFileType = wrapper.application; includeInIndex = 0; path = Playingcard.app; sourceTree = BUILT_PRODUCTS_DIR; };
		B14B404B214C655F0074E95F /* AppDelegate.swift */ = {isa = PBXFileReference; lastKnownFileType = sourcecode.swift; path = AppDelegate.swift; sourceTree = "<group>"; };
		B14B404D214C655F0074E95F /* ViewController.swift */ = {isa = PBXFileReference; lastKnownFileType = sourcecode.swift; path = ViewController.swift; sourceTree = "<group>"; };
		B14B4050214C655F0074E95F /* Base */ = {isa = PBXFileReference; lastKnownFileType = file.storyboard; name = Base; path = Base.lproj/Main.storyboard; sourceTree = "<group>"; };
		B14B4052214C655F0074E95F /* Assets.xcassets */ = {isa = PBXFileReference; lastKnownFileType = folder.assetcatalog; path = Assets.xcassets; sourceTree = "<group>"; };
		B14B4055214C655F0074E95F /* Base */ = {isa = PBXFileReference; lastKnownFileType = file.storyboard; name = Base; path = Base.lproj/LaunchScreen.storyboard; sourceTree = "<group>"; };
		B14B4057214C655F0074E95F /* Info.plist */ = {isa = PBXFileReference; lastKnownFileType = text.plist.xml; path = Info.plist; sourceTree = "<group>"; };
		B14B405D214C657B0074E95F /* PlayingCard.swift */ = {isa = PBXFileReference; lastKnownFileType = sourcecode.swift; path = PlayingCard.swift; sourceTree = "<group>"; };
		B14B405F214C67E90074E95F /* PlayingCardDeck.swift */ = {isa = PBXFileReference; lastKnownFileType = sourcecode.swift; path = PlayingCardDeck.swift; sourceTree = "<group>"; };
		B1F54BD02152F90C00099792 /* PlayingCardView.swift */ = {isa = PBXFileReference; lastKnownFileType = sourcecode.swift; path = PlayingCardView.swift; sourceTree = "<group>"; };
/* End PBXFileReference section */

/* Begin PBXFrameworksBuildPhase section */
		B14B4045214C655F0074E95F /* Frameworks */ = {
			isa = PBXFrameworksBuildPhase;
			buildActionMask = 2147483647;
			files = (
			);
			runOnlyForDeploymentPostprocessing = 0;
		};
/* End PBXFrameworksBuildPhase section */

/* Begin PBXGroup section */
		B14B403F214C655F0074E95F = {
			isa = PBXGroup;
			children = (
				B14B404A214C655F0074E95F /* Playingcard */,
				B14B4049214C655F0074E95F /* Products */,
			);
			sourceTree = "<group>";
		};
		B14B4049214C655F0074E95F /* Products */ = {
			isa = PBXGroup;
			children = (
				B14B4048214C655F0074E95F /* Playingcard.app */,
			);
			name = Products;
			sourceTree = "<group>";
		};
		B14B404A214C655F0074E95F /* Playingcard */ = {
			isa = PBXGroup;
			children = (
				B1F54BD02152F90C00099792 /* PlayingCardView.swift */,
				B14B405D214C657B0074E95F /* PlayingCard.swift */,
				B14B405F214C67E90074E95F /* PlayingCardDeck.swift */,
				B14B404B214C655F0074E95F /* AppDelegate.swift */,
				B14B404D214C655F0074E95F /* ViewController.swift */,
				B14B404F214C655F0074E95F /* Main.storyboard */,
				B14B4052214C655F0074E95F /* Assets.xcassets */,
				B14B4054214C655F0074E95F /* LaunchScreen.storyboard */,
				B14B4057214C655F0074E95F /* Info.plist */,
			);
			path = Playingcard;
			sourceTree = "<group>";
		};
/* End PBXGroup section */

/* Begin PBXNativeTarget section */
		B14B4047214C655F0074E95F /* Playingcard */ = {
			isa = PBXNativeTarget;
			buildConfigurationList = B14B405A214C655F0074E95F /* Build configuration list for PBXNativeTarget "Playingcard" */;
			buildPhases = (
				B14B4044214C655F0074E95F /* Sources */,
				B14B4045214C655F0074E95F /* Frameworks */,
				B14B4046214C655F0074E95F /* Resources */,
			);
			buildRules = (
			);
			dependencies = (
			);
			name = Playingcard;
			productName = Playingcard;
			productReference = B14B4048214C655F0074E95F /* Playingcard.app */;
			productType = "com.apple.product-type.application";
		};
/* End PBXNativeTarget section */

/* Begin PBXProject section */
		B14B4040214C655F0074E95F /* Project object */ = {
			isa = PBXProject;
			attributes = {
				LastSwiftUpdateCheck = 0920;
				LastUpgradeCheck = 0920;
				ORGANIZATIONNAME = "David Phan";
				TargetAttributes = {
					B14B4047214C655F0074E95F = {
						CreatedOnToolsVersion = 9.2;
						ProvisioningStyle = Automatic;
					};
				};
			};
			buildConfigurationList = B14B4043214C655F0074E95F /* Build configuration list for PBXProject "Playingcard" */;
			compatibilityVersion = "Xcode 8.0";
			developmentRegion = en;
			hasScannedForEncodings = 0;
			knownRegions = (
				en,
				Base,
			);
			mainGroup = B14B403F214C655F0074E95F;
			productRefGroup = B14B4049214C655F0074E95F /* Products */;
			projectDirPath = "";
			projectRoot = "";
			targets = (
				B14B4047214C655F0074E95F /* Playingcard */,
			);
		};
/* End PBXProject section */

/* Begin PBXResourcesBuildPhase section */
		B14B4046214C655F0074E95F /* Resources */ = {
			isa = PBXResourcesBuildPhase;
			buildActionMask = 2147483647;
			files = (
				B14B4056214C655F0074E95F /* LaunchScreen.storyboard in Resources */,
				B14B4053214C655F0074E95F /* Assets.xcassets in Resources */,
				B14B4051214C655F0074E95F /* Main.storyboard in Resources */,
			);
			runOnlyForDeploymentPostprocessing = 0;
		};
/* End PBXResourcesBuildPhase section */

/* Begin PBXSourcesBuildPhase section */
		B14B4044214C655F0074E95F /* Sources */ = {
			isa = PBXSourcesBuildPhase;
			buildActionMask = 2147483647;
			files = (
				B14B404E214C655F0074E95F /* ViewController.swift in Sources */,
				B14B4060214C67EA0074E95F /* PlayingCardDeck.swift in Sources */,
				B14B405E214C657B0074E95F /* PlayingCard.swift in Sources */,
				B1F54BD12152F90C00099792 /* PlayingCardView.swift in Sources */,
				B14B404C214C655F0074E95F /* AppDelegate.swift in Sources */,
			);
			runOnlyForDeploymentPostprocessing = 0;
		};
/* End PBXSourcesBuildPhase section */

/* Begin PBXVariantGroup section */
		B14B404F214C655F0074E95F /* Main.storyboard */ = {
			isa = PBXVariantGroup;
			children = (
				B14B4050214C655F0074E95F /* Base */,
			);
			name = Main.storyboard;
			sourceTree = "<group>";
		};
		B14B4054214C655F0074E95F /* LaunchScreen.storyboard */ = {
			isa = PBXVariantGroup;
			children = (
				B14B4055214C655F0074E95F /* Base */,
			);
			name = LaunchScreen.storyboard;
			sourceTree = "<group>";
		};
/* End PBXVariantGroup section */

/* Begin XCBuildConfiguration section */
		B14B4058214C655F0074E95F /* Debug */ = {
			isa = XCBuildConfiguration;
			buildSettings = {
				ALWAYS_SEARCH_USER_PATHS = NO;
				CLANG_ANALYZER_NONNULL = YES;
				CLANG_ANALYZER_NUMBER_OBJECT_CONVERSION = YES_AGGRESSIVE;
				CLANG_CXX_LANGUAGE_STANDARD = "gnu++14";
				CLANG_CXX_LIBRARY = "libc++";
				CLANG_ENABLE_MODULES = YES;
				CLANG_ENABLE_OBJC_ARC = YES;
				CLANG_WARN_BLOCK_CAPTURE_AUTORELEASING = YES;
				CLANG_WARN_BOOL_CONVERSION = YES;
				CLANG_WARN_COMMA = YES;
				CLANG_WARN_CONSTANT_CONVERSION = YES;
				CLANG_WARN_DIRECT_OBJC_ISA_USAGE = YES_ERROR;
				CLANG_WARN_DOCUMENTATION_COMMENTS = YES;
				CLANG_WARN_EMPTY_BODY = YES;
				CLANG_WARN_ENUM_CONVERSION = YES;
				CLANG_WARN_INFINITE_RECURSION = YES;
				CLANG_WARN_INT_CONVERSION = YES;
				CLANG_WARN_NON_LITERAL_NULL_CONVERSION = YES;
				CLANG_WARN_OBJC_LITERAL_CONVERSION = YES;
				CLANG_WARN_OBJC_ROOT_CLASS = YES_ERROR;
				CLANG_WARN_RANGE_LOOP_ANALYSIS = YES;
				CLANG_WARN_STRICT_PROTOTYPES = YES;
				CLANG_WARN_SUSPICIOUS_MOVE = YES;
				CLANG_WARN_UNGUARDED_AVAILABILITY = YES_AGGRESSIVE;
				CLANG_WARN_UNREACHABLE_CODE = YES;
				CLANG_WARN__DUPLICATE_METHOD_MATCH = YES;
				CODE_SIGN_IDENTITY = "iPhone Developer";
				COPY_PHASE_STRIP = NO;
				DEBUG_INFORMATION_FORMAT = dwarf;
				ENABLE_STRICT_OBJC_MSGSEND = YES;
				ENABLE_TESTABILITY = YES;
				GCC_C_LANGUAGE_STANDARD = gnu11;
				GCC_DYNAMIC_NO_PIC = NO;
				GCC_NO_COMMON_BLOCKS = YES;
				GCC_OPTIMIZATION_LEVEL = 0;
				GCC_PREPROCESSOR_DEFINITIONS = (
					"DEBUG=1",
					"$(inherited)",
				);
				GCC_WARN_64_TO_32_BIT_CONVERSION = YES;
				GCC_WARN_ABOUT_RETURN_TYPE = YES_ERROR;
				GCC_WARN_UNDECLARED_SELECTOR = YES;
				GCC_WARN_UNINITIALIZED_AUTOS = YES_AGGRESSIVE;
				GCC_WARN_UNUSED_FUNCTION = YES;
				GCC_WARN_UNUSED_VARIABLE = YES;
				IPHONEOS_DEPLOYMENT_TARGET = 11.2;
				MTL_ENABLE_DEBUG_INFO = YES;
				ONLY_ACTIVE_ARCH = YES;
				SDKROOT = iphoneos;
				SWIFT_ACTIVE_COMPILATION_CONDITIONS = DEBUG;
				SWIFT_OPTIMIZATION_LEVEL = "-Onone";
			};
			name = Debug;
		};
		B14B4059214C655F0074E95F /* Release */ = {
			isa = XCBuildConfiguration;
			buildSettings = {
				ALWAYS_SEARCH_USER_PATHS = NO;
				CLANG_ANALYZER_NONNULL = YES;
				CLANG_ANALYZER_NUMBER_OBJECT_CONVERSION = YES_AGGRESSIVE;
				CLANG_CXX_LANGUAGE_STANDARD = "gnu++14";
				CLANG_CXX_LIBRARY = "libc++";
				CLANG_ENABLE_MODULES = YES;
				CLANG_ENABLE_OBJC_ARC = YES;
				CLANG_WARN_BLOCK_CAPTURE_AUTORELEASING = YES;
				CLANG_WARN_BOOL_CONVERSION = YES;
				CLANG_WARN_COMMA = YES;
				CLANG_WARN_CONSTANT_CONVERSION = YES;
				CLANG_WARN_DIRECT_OBJC_ISA_USAGE = YES_ERROR;
				CLANG_WARN_DOCUMENTATION_COMMENTS = YES;
				CLANG_WARN_EMPTY_BODY = YES;
				CLANG_WARN_ENUM_CONVERSION = YES;
				CLANG_WARN_INFINITE_RECURSION = YES;
				CLANG_WARN_INT_CONVERSION = YES;
				CLANG_WARN_NON_LITERAL_NULL_CONVERSION = YES;
				CLANG_WARN_OBJC_LITERAL_CONVERSION = YES;
				CLANG_WARN_OBJC_ROOT_CLASS = YES_ERROR;
				CLANG_WARN_RANGE_LOOP_ANALYSIS = YES;
				CLANG_WARN_STRICT_PROTOTYPES = YES;
				CLANG_WARN_SUSPICIOUS_MOVE = YES;
				CLANG_WARN_UNGUARDED_AVAILABILITY = YES_AGGRESSIVE;
				CLANG_WARN_UNREACHABLE_CODE = YES;
				CLANG_WARN__DUPLICATE_METHOD_MATCH = YES;
				CODE_SIGN_IDENTITY = "iPhone Developer";
				COPY_PHASE_STRIP = NO;
				DEBUG_INFORMATION_FORMAT = "dwarf-with-dsym";
				ENABLE_NS_ASSERTIONS = NO;
				ENABLE_STRICT_OBJC_MSGSEND = YES;
				GCC_C_LANGUAGE_STANDARD = gnu11;
				GCC_NO_COMMON_BLOCKS = YES;
				GCC_WARN_64_TO_32_BIT_CONVERSION = YES;
				GCC_WARN_ABOUT_RETURN_TYPE = YES_ERROR;
				GCC_WARN_UNDECLARED_SELECTOR = YES;
				GCC_WARN_UNINITIALIZED_AUTOS = YES_AGGRESSIVE;
				GCC_WARN_UNUSED_FUNCTION = YES;
				GCC_WARN_UNUSED_VARIABLE = YES;
				IPHONEOS_DEPLOYMENT_TARGET = 11.2;
				MTL_ENABLE_DEBUG_INFO = NO;
				SDKROOT = iphoneos;
				SWIFT_OPTIMIZATION_LEVEL = "-Owholemodule";
				VALIDATE_PRODUCT = YES;
			};
			name = Release;
		};
		B14B405B214C655F0074E95F /* Debug */ = {
			isa = XCBuildConfiguration;
			buildSettings = {
				ASSETCATALOG_COMPILER_APPICON_NAME = AppIcon;
				CODE_SIGN_STYLE = Automatic;
				INFOPLIST_FILE = Playingcard/Info.plist;
				LD_RUNPATH_SEARCH_PATHS = "$(inherited) @executable_path/Frameworks";
				PRODUCT_BUNDLE_IDENTIFIER = dphan.Playingcard;
				PRODUCT_NAME = "$(TARGET_NAME)";
				SWIFT_VERSION = 4.0;
				TARGETED_DEVICE_FAMILY = "1,2";
			};
			name = Debug;
		};
		B14B405C214C655F0074E95F /* Release */ = {
			isa = XCBuildConfiguration;
			buildSettings = {
				ASSETCATALOG_COMPILER_APPICON_NAME = AppIcon;
				CODE_SIGN_STYLE = Automatic;
				INFOPLIST_FILE = Playingcard/Info.plist;
				LD_RUNPATH_SEARCH_PATHS = "$(inherited) @executable_path/Frameworks";
				PRODUCT_BUNDLE_IDENTIFIER = dphan.Playingcard;
				PRODUCT_NAME = "$(TARGET_NAME)";
				SWIFT_VERSION = 4.0;
				TARGETED_DEVICE_FAMILY = "1,2";
			};
			name = Release;
		};
/* End XCBuildConfiguration section */

/* Begin XCConfigurationList section */
		B14B4043214C655F0074E95F /* Build configuration list for PBXProject "Playingcard" */ = {
			isa = XCConfigurationList;
			buildConfigurations = (
				B14B4058214C655F0074E95F /* Debug */,
				B14B4059214C655F0074E95F /* Release */,
			);
			defaultConfigurationIsVisible = 0;
			defaultConfigurationName = Release;
		};
		B14B405A214C655F0074E95F /* Build configuration list for PBXNativeTarget "Playingcard" */ = {
			isa = XCConfigurationList;
			buildConfigurations = (
				B14B405B214C655F0074E95F /* Debug */,
				B14B405C214C655F0074E95F /* Release */,
			);
			defaultConfigurationIsVisible = 0;
			defaultConfigurationName = Release;
		};
/* End XCConfigurationList section */
	};
	rootObject = B14B4040214C655F0074E95F /* Project object */;
}
